// !$*UTF8*$!
{
	archiveVersion = 1;
	classes = {
	};
	objectVersion = 54;
	objects = {

/* Begin PBXBuildFile section */
		0D1E41132D1EFFD80051EC3A /* ArchitectLibrary in Frameworks */ = {isa = PBXBuildFile; productRef = 0D1E41122D1EFFD80051EC3A /* ArchitectLibrary */; };
		0DB55ACF2D2308C100874A3B /* ImageDetailsView.swift in Sources */ = {isa = PBXBuildFile; fileRef = 0DB55ACE2D2308C100874A3B /* ImageDetailsView.swift */; };
		0DBE13B32CF61F4D00CF58F5 /* NekosiaAPI in Frameworks */ = {isa = PBXBuildFile; productRef = 0DBE13B22CF61F4D00CF58F5 /* NekosiaAPI */; };
		0DC060722C9B8C9200C75F50 /* AppDelegate.swift in Sources */ = {isa = PBXBuildFile; fileRef = 0DC060712C9B8C9200C75F50 /* AppDelegate.swift */; };
		0DC060742C9B8C9200C75F50 /* SceneDelegate.swift in Sources */ = {isa = PBXBuildFile; fileRef = 0DC060732C9B8C9200C75F50 /* SceneDelegate.swift */; };
		0DC060762C9B8C9200C75F50 /* ImageDetailsViewController.swift in Sources */ = {isa = PBXBuildFile; fileRef = 0DC060752C9B8C9200C75F50 /* ImageDetailsViewController.swift */; };
		0DC0607B2C9B8CAA00C75F50 /* Assets.xcassets in Resources */ = {isa = PBXBuildFile; fileRef = 0DC0607A2C9B8CAA00C75F50 /* Assets.xcassets */; };
		0DC0607E2C9B8CAA00C75F50 /* LaunchScreen.storyboard in Resources */ = {isa = PBXBuildFile; fileRef = 0DC0607C2C9B8CAA00C75F50 /* LaunchScreen.storyboard */; };
		0DC060872C9BA21B00C75F50 /* Stevia in Frameworks */ = {isa = PBXBuildFile; productRef = 0DC060862C9BA21B00C75F50 /* Stevia */; };
		0DD4A4EB2D32F5C700A2E1F9 /* UIView+Extension.swift in Sources */ = {isa = PBXBuildFile; fileRef = 0DD4A4EA2D32F5C700A2E1F9 /* UIView+Extension.swift */; };
		0DD79D912D42C96500200075 /* ImagesListView.swift in Sources */ = {isa = PBXBuildFile; fileRef = 0DD79D902D42C96500200075 /* ImagesListView.swift */; };
		0DD79D932D42C98D00200075 /* ImagesListViewController.swift in Sources */ = {isa = PBXBuildFile; fileRef = 0DD79D922D42C98D00200075 /* ImagesListViewController.swift */; };
		0DD79D952D42E7E000200075 /* ImageListCVCell.swift in Sources */ = {isa = PBXBuildFile; fileRef = 0DD79D942D42E7E000200075 /* ImageListCVCell.swift */; };
		0DD79D972D44210900200075 /* ImageItemDisplayModel.swift in Sources */ = {isa = PBXBuildFile; fileRef = 0DD79D962D44210900200075 /* ImageItemDisplayModel.swift */; };
/* End PBXBuildFile section */

/* Begin PBXFileReference section */
		0DB55ACE2D2308C100874A3B /* ImageDetailsView.swift */ = {isa = PBXFileReference; lastKnownFileType = sourcecode.swift; path = ImageDetailsView.swift; sourceTree = "<group>"; };
		0DC0606E2C9B8C9200C75F50 /* Nekosia.app */ = {isa = PBXFileReference; explicitFileType = wrapper.application; includeInIndex = 0; path = Nekosia.app; sourceTree = BUILT_PRODUCTS_DIR; };
		0DC060712C9B8C9200C75F50 /* AppDelegate.swift */ = {isa = PBXFileReference; lastKnownFileType = sourcecode.swift; name = AppDelegate.swift; path = Nekosia/AppMain/AppDelegate.swift; sourceTree = SOURCE_ROOT; };
		0DC060732C9B8C9200C75F50 /* SceneDelegate.swift */ = {isa = PBXFileReference; lastKnownFileType = sourcecode.swift; name = SceneDelegate.swift; path = Nekosia/AppMain/SceneDelegate.swift; sourceTree = SOURCE_ROOT; };
		0DC060752C9B8C9200C75F50 /* ImageDetailsViewController.swift */ = {isa = PBXFileReference; lastKnownFileType = sourcecode.swift; path = ImageDetailsViewController.swift; sourceTree = "<group>"; };
		0DC0607A2C9B8CAA00C75F50 /* Assets.xcassets */ = {isa = PBXFileReference; lastKnownFileType = folder.assetcatalog; name = Assets.xcassets; path = Nekosia/AppMain/Assets.xcassets; sourceTree = SOURCE_ROOT; };
		0DC0607D2C9B8CAA00C75F50 /* Base */ = {isa = PBXFileReference; lastKnownFileType = file.storyboard; name = Base; path = Base.lproj/LaunchScreen.storyboard; sourceTree = "<group>"; };
		0DC0607F2C9B8CAA00C75F50 /* Info.plist */ = {isa = PBXFileReference; lastKnownFileType = text.plist.xml; name = Info.plist; path = Nekosia/AppMain/Info.plist; sourceTree = SOURCE_ROOT; };
		0DD4A4EA2D32F5C700A2E1F9 /* UIView+Extension.swift */ = {isa = PBXFileReference; lastKnownFileType = sourcecode.swift; path = "UIView+Extension.swift"; sourceTree = "<group>"; };
		0DD79D902D42C96500200075 /* ImagesListView.swift */ = {isa = PBXFileReference; lastKnownFileType = sourcecode.swift; path = ImagesListView.swift; sourceTree = "<group>"; };
		0DD79D922D42C98D00200075 /* ImagesListViewController.swift */ = {isa = PBXFileReference; lastKnownFileType = sourcecode.swift; path = ImagesListViewController.swift; sourceTree = "<group>"; };
		0DD79D942D42E7E000200075 /* ImageListCVCell.swift */ = {isa = PBXFileReference; lastKnownFileType = sourcecode.swift; path = ImageListCVCell.swift; sourceTree = "<group>"; };
		0DD79D962D44210900200075 /* ImageItemDisplayModel.swift */ = {isa = PBXFileReference; lastKnownFileType = sourcecode.swift; path = ImageItemDisplayModel.swift; sourceTree = "<group>"; };
/* End PBXFileReference section */

/* Begin PBXFrameworksBuildPhase section */
		0DC0606B2C9B8C9200C75F50 /* Frameworks */ = {
			isa = PBXFrameworksBuildPhase;
			buildActionMask = 2147483647;
			files = (
				0DC060872C9BA21B00C75F50 /* Stevia in Frameworks */,
				0DBE13B32CF61F4D00CF58F5 /* NekosiaAPI in Frameworks */,
				0D1E41132D1EFFD80051EC3A /* ArchitectLibrary in Frameworks */,
			);
			runOnlyForDeploymentPostprocessing = 0;
		};
/* End PBXFrameworksBuildPhase section */

/* Begin PBXGroup section */
		0DB2F23A2D22FAA2004DBD75 /* ImageDetails */ = {
			isa = PBXGroup;
			children = (
				0DB55ACE2D2308C100874A3B /* ImageDetailsView.swift */,
				0DC060752C9B8C9200C75F50 /* ImageDetailsViewController.swift */,
			);
			path = ImageDetails;
			sourceTree = "<group>";
		};
		0DB2F23B2D22FAB8004DBD75 /* AppMain */ = {
			isa = PBXGroup;
			children = (
				0DC060712C9B8C9200C75F50 /* AppDelegate.swift */,
				0DC060732C9B8C9200C75F50 /* SceneDelegate.swift */,
				0DC0607A2C9B8CAA00C75F50 /* Assets.xcassets */,
				0DC0607C2C9B8CAA00C75F50 /* LaunchScreen.storyboard */,
				0DC0607F2C9B8CAA00C75F50 /* Info.plist */,
			);
			path = AppMain;
			sourceTree = "<group>";
		};
		0DC060652C9B8C9200C75F50 = {
			isa = PBXGroup;
			children = (
				0DC060702C9B8C9200C75F50 /* Nekosia */,
				0DC0606F2C9B8C9200C75F50 /* Products */,
				0DC060892C9C87A400C75F50 /* Frameworks */,
			);
			sourceTree = "<group>";
		};
		0DC0606F2C9B8C9200C75F50 /* Products */ = {
			isa = PBXGroup;
			children = (
				0DC0606E2C9B8C9200C75F50 /* Nekosia.app */,
			);
			name = Products;
			sourceTree = "<group>";
		};
		0DC060702C9B8C9200C75F50 /* Nekosia */ = {
			isa = PBXGroup;
			children = (
				0DD4A4E92D32F5AE00A2E1F9 /* Utils */,
				0DB2F23B2D22FAB8004DBD75 /* AppMain */,
				0DD79D8F2D42C94200200075 /* ImagesList */,
				0DB2F23A2D22FAA2004DBD75 /* ImageDetails */,
			);
			path = Nekosia;
			sourceTree = "<group>";
		};
		0DC060892C9C87A400C75F50 /* Frameworks */ = {
			isa = PBXGroup;
			children = (
			);
			name = Frameworks;
			sourceTree = "<group>";
		};
		0DD4A4E92D32F5AE00A2E1F9 /* Utils */ = {
			isa = PBXGroup;
			children = (
				0DD4A4EA2D32F5C700A2E1F9 /* UIView+Extension.swift */,
			);
			path = Utils;
			sourceTree = "<group>";
		};
		0DD79D8F2D42C94200200075 /* ImagesList */ = {
			isa = PBXGroup;
			children = (
				0DD79D962D44210900200075 /* ImageItemDisplayModel.swift */,
				0DD79D942D42E7E000200075 /* ImageListCVCell.swift */,
				0DD79D902D42C96500200075 /* ImagesListView.swift */,
				0DD79D922D42C98D00200075 /* ImagesListViewController.swift */,
			);
			path = ImagesList;
			sourceTree = "<group>";
		};
/* End PBXGroup section */

/* Begin PBXNativeTarget section */
		0DC0606D2C9B8C9200C75F50 /* Nekosia */ = {
			isa = PBXNativeTarget;
			buildConfigurationList = 0DC060822C9B8CAA00C75F50 /* Build configuration list for PBXNativeTarget "Nekosia" */;
			buildPhases = (
				0DC0606A2C9B8C9200C75F50 /* Sources */,
				0DC0606B2C9B8C9200C75F50 /* Frameworks */,
				0DC0606C2C9B8C9200C75F50 /* Resources */,
			);
			buildRules = (
			);
			dependencies = (
			);
			name = Nekosia;
			packageProductDependencies = (
				0DC060862C9BA21B00C75F50 /* Stevia */,
				0DBE13B22CF61F4D00CF58F5 /* NekosiaAPI */,
				0D1E41122D1EFFD80051EC3A /* ArchitectLibrary */,
			);
			productName = Nekosia;
			productReference = 0DC0606E2C9B8C9200C75F50 /* Nekosia.app */;
			productType = "com.apple.product-type.application";
		};
/* End PBXNativeTarget section */

/* Begin PBXProject section */
		0DC060662C9B8C9200C75F50 /* Project object */ = {
			isa = PBXProject;
			attributes = {
				BuildIndependentTargetsInParallel = 1;
				LastSwiftUpdateCheck = 1420;
				LastUpgradeCheck = 1420;
				TargetAttributes = {
					0DC0606D2C9B8C9200C75F50 = {
						CreatedOnToolsVersion = 14.2;
					};
				};
			};
			buildConfigurationList = 0DC060692C9B8C9200C75F50 /* Build configuration list for PBXProject "Nekosia" */;
			compatibilityVersion = "Xcode 12.0";
			developmentRegion = en;
			hasScannedForEncodings = 0;
			knownRegions = (
				en,
				Base,
			);
			mainGroup = 0DC060652C9B8C9200C75F50;
			packageReferences = (
				0DC060852C9BA21B00C75F50 /* XCRemoteSwiftPackageReference "Stevia" */,
				0DBE13B12CF61F4D00CF58F5 /* XCRemoteSwiftPackageReference "NekosiaAPI" */,
				0D1E41112D1EFFD80051EC3A /* XCRemoteSwiftPackageReference "ArchitectLibrary" */,
			);
			productRefGroup = 0DC0606F2C9B8C9200C75F50 /* Products */;
			projectDirPath = "";
			projectRoot = "";
			targets = (
				0DC0606D2C9B8C9200C75F50 /* Nekosia */,
			);
		};
/* End PBXProject section */

/* Begin PBXResourcesBuildPhase section */
		0DC0606C2C9B8C9200C75F50 /* Resources */ = {
			isa = PBXResourcesBuildPhase;
			buildActionMask = 2147483647;
			files = (
				0DC0607E2C9B8CAA00C75F50 /* LaunchScreen.storyboard in Resources */,
				0DC0607B2C9B8CAA00C75F50 /* Assets.xcassets in Resources */,
			);
			runOnlyForDeploymentPostprocessing = 0;
		};
/* End PBXResourcesBuildPhase section */

/* Begin PBXSourcesBuildPhase section */
		0DC0606A2C9B8C9200C75F50 /* Sources */ = {
			isa = PBXSourcesBuildPhase;
			buildActionMask = 2147483647;
			files = (
				0DD79D912D42C96500200075 /* ImagesListView.swift in Sources */,
				0DD79D972D44210900200075 /* ImageItemDisplayModel.swift in Sources */,
				0DC060762C9B8C9200C75F50 /* ImageDetailsViewController.swift in Sources */,
				0DC060722C9B8C9200C75F50 /* AppDelegate.swift in Sources */,
				0DB55ACF2D2308C100874A3B /* ImageDetailsView.swift in Sources */,
				0DD4A4EB2D32F5C700A2E1F9 /* UIView+Extension.swift in Sources */,
				0DD79D952D42E7E000200075 /* ImageListCVCell.swift in Sources */,
				0DC060742C9B8C9200C75F50 /* SceneDelegate.swift in Sources */,
				0DD79D932D42C98D00200075 /* ImagesListViewController.swift in Sources */,
			);
			runOnlyForDeploymentPostprocessing = 0;
		};
/* End PBXSourcesBuildPhase section */

/* Begin PBXVariantGroup section */
		0DC0607C2C9B8CAA00C75F50 /* LaunchScreen.storyboard */ = {
			isa = PBXVariantGroup;
			children = (
				0DC0607D2C9B8CAA00C75F50 /* Base */,
			);
			name = LaunchScreen.storyboard;
			path = Nekosia/AppMain;
			sourceTree = SOURCE_ROOT;
		};
/* End PBXVariantGroup section */

/* Begin XCBuildConfiguration section */
		0DC060802C9B8CAA00C75F50 /* Debug */ = {
			isa = XCBuildConfiguration;
			buildSettings = {
				ALWAYS_SEARCH_USER_PATHS = NO;
				CLANG_ANALYZER_NONNULL = YES;
				CLANG_ANALYZER_NUMBER_OBJECT_CONVERSION = YES_AGGRESSIVE;
				CLANG_CXX_LANGUAGE_STANDARD = "gnu++20";
				CLANG_ENABLE_MODULES = YES;
				CLANG_ENABLE_OBJC_ARC = YES;
				CLANG_ENABLE_OBJC_WEAK = YES;
				CLANG_WARN_BLOCK_CAPTURE_AUTORELEASING = YES;
				CLANG_WARN_BOOL_CONVERSION = YES;
				CLANG_WARN_COMMA = YES;
				CLANG_WARN_CONSTANT_CONVERSION = YES;
				CLANG_WARN_DEPRECATED_OBJC_IMPLEMENTATIONS = YES;
				CLANG_WARN_DIRECT_OBJC_ISA_USAGE = YES_ERROR;
				CLANG_WARN_DOCUMENTATION_COMMENTS = YES;
				CLANG_WARN_EMPTY_BODY = YES;
				CLANG_WARN_ENUM_CONVERSION = YES;
				CLANG_WARN_INFINITE_RECURSION = YES;
				CLANG_WARN_INT_CONVERSION = YES;
				CLANG_WARN_NON_LITERAL_NULL_CONVERSION = YES;
				CLANG_WARN_OBJC_IMPLICIT_RETAIN_SELF = YES;
				CLANG_WARN_OBJC_LITERAL_CONVERSION = YES;
				CLANG_WARN_OBJC_ROOT_CLASS = YES_ERROR;
				CLANG_WARN_QUOTED_INCLUDE_IN_FRAMEWORK_HEADER = YES;
				CLANG_WARN_RANGE_LOOP_ANALYSIS = YES;
				CLANG_WARN_STRICT_PROTOTYPES = YES;
				CLANG_WARN_SUSPICIOUS_MOVE = YES;
				CLANG_WARN_UNGUARDED_AVAILABILITY = YES_AGGRESSIVE;
				CLANG_WARN_UNREACHABLE_CODE = YES;
				CLANG_WARN__DUPLICATE_METHOD_MATCH = YES;
				COPY_PHASE_STRIP = NO;
				DEBUG_INFORMATION_FORMAT = dwarf;
				ENABLE_STRICT_OBJC_MSGSEND = YES;
				ENABLE_TESTABILITY = YES;
				GCC_C_LANGUAGE_STANDARD = gnu11;
				GCC_DYNAMIC_NO_PIC = NO;
				GCC_NO_COMMON_BLOCKS = YES;
				GCC_OPTIMIZATION_LEVEL = 0;
				GCC_PREPROCESSOR_DEFINITIONS = (
					"DEBUG=1",
					"$(inherited)",
				);
				GCC_WARN_64_TO_32_BIT_CONVERSION = YES;
				GCC_WARN_ABOUT_RETURN_TYPE = YES_ERROR;
				GCC_WARN_UNDECLARED_SELECTOR = YES;
				GCC_WARN_UNINITIALIZED_AUTOS = YES_AGGRESSIVE;
				GCC_WARN_UNUSED_FUNCTION = YES;
				GCC_WARN_UNUSED_VARIABLE = YES;
				IPHONEOS_DEPLOYMENT_TARGET = 16.2;
				MTL_ENABLE_DEBUG_INFO = INCLUDE_SOURCE;
				MTL_FAST_MATH = YES;
				ONLY_ACTIVE_ARCH = YES;
				SDKROOT = iphoneos;
				SWIFT_ACTIVE_COMPILATION_CONDITIONS = DEBUG;
				SWIFT_OPTIMIZATION_LEVEL = "-Onone";
			};
			name = Debug;
		};
		0DC060812C9B8CAA00C75F50 /* Release */ = {
			isa = XCBuildConfiguration;
			buildSettings = {
				ALWAYS_SEARCH_USER_PATHS = NO;
				CLANG_ANALYZER_NONNULL = YES;
				CLANG_ANALYZER_NUMBER_OBJECT_CONVERSION = YES_AGGRESSIVE;
				CLANG_CXX_LANGUAGE_STANDARD = "gnu++20";
				CLANG_ENABLE_MODULES = YES;
				CLANG_ENABLE_OBJC_ARC = YES;
				CLANG_ENABLE_OBJC_WEAK = YES;
				CLANG_WARN_BLOCK_CAPTURE_AUTORELEASING = YES;
				CLANG_WARN_BOOL_CONVERSION = YES;
				CLANG_WARN_COMMA = YES;
				CLANG_WARN_CONSTANT_CONVERSION = YES;
				CLANG_WARN_DEPRECATED_OBJC_IMPLEMENTATIONS = YES;
				CLANG_WARN_DIRECT_OBJC_ISA_USAGE = YES_ERROR;
				CLANG_WARN_DOCUMENTATION_COMMENTS = YES;
				CLANG_WARN_EMPTY_BODY = YES;
				CLANG_WARN_ENUM_CONVERSION = YES;
				CLANG_WARN_INFINITE_RECURSION = YES;
				CLANG_WARN_INT_CONVERSION = YES;
				CLANG_WARN_NON_LITERAL_NULL_CONVERSION = YES;
				CLANG_WARN_OBJC_IMPLICIT_RETAIN_SELF = YES;
				CLANG_WARN_OBJC_LITERAL_CONVERSION = YES;
				CLANG_WARN_OBJC_ROOT_CLASS = YES_ERROR;
				CLANG_WARN_QUOTED_INCLUDE_IN_FRAMEWORK_HEADER = YES;
				CLANG_WARN_RANGE_LOOP_ANALYSIS = YES;
				CLANG_WARN_STRICT_PROTOTYPES = YES;
				CLANG_WARN_SUSPICIOUS_MOVE = YES;
				CLANG_WARN_UNGUARDED_AVAILABILITY = YES_AGGRESSIVE;
				CLANG_WARN_UNREACHABLE_CODE = YES;
				CLANG_WARN__DUPLICATE_METHOD_MATCH = YES;
				COPY_PHASE_STRIP = NO;
				DEBUG_INFORMATION_FORMAT = "dwarf-with-dsym";
				ENABLE_NS_ASSERTIONS = NO;
				ENABLE_STRICT_OBJC_MSGSEND = YES;
				GCC_C_LANGUAGE_STANDARD = gnu11;
				GCC_NO_COMMON_BLOCKS = YES;
				GCC_WARN_64_TO_32_BIT_CONVERSION = YES;
				GCC_WARN_ABOUT_RETURN_TYPE = YES_ERROR;
				GCC_WARN_UNDECLARED_SELECTOR = YES;
				GCC_WARN_UNINITIALIZED_AUTOS = YES_AGGRESSIVE;
				GCC_WARN_UNUSED_FUNCTION = YES;
				GCC_WARN_UNUSED_VARIABLE = YES;
				IPHONEOS_DEPLOYMENT_TARGET = 16.2;
				MTL_ENABLE_DEBUG_INFO = NO;
				MTL_FAST_MATH = YES;
				SDKROOT = iphoneos;
				SWIFT_COMPILATION_MODE = wholemodule;
				SWIFT_OPTIMIZATION_LEVEL = "-O";
				VALIDATE_PRODUCT = YES;
			};
			name = Release;
		};
		0DC060832C9B8CAA00C75F50 /* Debug */ = {
			isa = XCBuildConfiguration;
			buildSettings = {
				ASSETCATALOG_COMPILER_APPICON_NAME = AppIcon;
				ASSETCATALOG_COMPILER_GLOBAL_ACCENT_COLOR_NAME = AccentColor;
				CODE_SIGN_STYLE = Automatic;
				CURRENT_PROJECT_VERSION = 1;
				DEVELOPMENT_TEAM = "";
				GENERATE_INFOPLIST_FILE = YES;
				INFOPLIST_FILE = Nekosia/AppMain/Info.plist;
				INFOPLIST_KEY_LSApplicationCategoryType = "public.app-category.graphics-design";
				INFOPLIST_KEY_UIApplicationSupportsIndirectInputEvents = YES;
				INFOPLIST_KEY_UILaunchStoryboardName = LaunchScreen;
				INFOPLIST_KEY_UISupportedInterfaceOrientations = "UIInterfaceOrientationLandscapeLeft UIInterfaceOrientationLandscapeRight UIInterfaceOrientationPortrait";
				INFOPLIST_KEY_UISupportedInterfaceOrientations_iPad = "UIInterfaceOrientationLandscapeLeft UIInterfaceOrientationLandscapeRight UIInterfaceOrientationPortrait UIInterfaceOrientationPortraitUpsideDown";
				IPHONEOS_DEPLOYMENT_TARGET = 13.0;
				LD_RUNPATH_SEARCH_PATHS = (
					"$(inherited)",
					"@executable_path/Frameworks",
				);
				MARKETING_VERSION = 0.1.0;
				PRODUCT_BUNDLE_IDENTIFIER = com.jezreel.Nekosia;
				PRODUCT_NAME = "$(TARGET_NAME)";
				SUPPORTED_PLATFORMS = "iphoneos iphonesimulator";
				SUPPORTS_MACCATALYST = NO;
				SUPPORTS_MAC_DESIGNED_FOR_IPHONE_IPAD = NO;
				SWIFT_EMIT_LOC_STRINGS = YES;
				SWIFT_VERSION = 5.0;
				TARGETED_DEVICE_FAMILY = 1;
			};
			name = Debug;
		};
		0DC060842C9B8CAA00C75F50 /* Release */ = {
			isa = XCBuildConfiguration;
			buildSettings = {
				ASSETCATALOG_COMPILER_APPICON_NAME = AppIcon;
				ASSETCATALOG_COMPILER_GLOBAL_ACCENT_COLOR_NAME = AccentColor;
				CODE_SIGN_STYLE = Automatic;
				CURRENT_PROJECT_VERSION = 1;
				DEVELOPMENT_TEAM = "";
				GENERATE_INFOPLIST_FILE = YES;
				INFOPLIST_FILE = Nekosia/AppMain/Info.plist;
				INFOPLIST_KEY_LSApplicationCategoryType = "public.app-category.graphics-design";
				INFOPLIST_KEY_UIApplicationSupportsIndirectInputEvents = YES;
				INFOPLIST_KEY_UILaunchStoryboardName = LaunchScreen;
				INFOPLIST_KEY_UISupportedInterfaceOrientations = "UIInterfaceOrientationLandscapeLeft UIInterfaceOrientationLandscapeRight UIInterfaceOrientationPortrait";
				INFOPLIST_KEY_UISupportedInterfaceOrientations_iPad = "UIInterfaceOrientationLandscapeLeft UIInterfaceOrientationLandscapeRight UIInterfaceOrientationPortrait UIInterfaceOrientationPortraitUpsideDown";
				IPHONEOS_DEPLOYMENT_TARGET = 13.0;
				LD_RUNPATH_SEARCH_PATHS = (
					"$(inherited)",
					"@executable_path/Frameworks",
				);
				MARKETING_VERSION = 0.1.0;
				PRODUCT_BUNDLE_IDENTIFIER = com.jezreel.Nekosia;
				PRODUCT_NAME = "$(TARGET_NAME)";
				SUPPORTED_PLATFORMS = "iphoneos iphonesimulator";
				SUPPORTS_MACCATALYST = NO;
				SUPPORTS_MAC_DESIGNED_FOR_IPHONE_IPAD = NO;
				SWIFT_EMIT_LOC_STRINGS = YES;
				SWIFT_VERSION = 5.0;
				TARGETED_DEVICE_FAMILY = 1;
			};
			name = Release;
		};
/* End XCBuildConfiguration section */

/* Begin XCConfigurationList section */
		0DC060692C9B8C9200C75F50 /* Build configuration list for PBXProject "Nekosia" */ = {
			isa = XCConfigurationList;
			buildConfigurations = (
				0DC060802C9B8CAA00C75F50 /* Debug */,
				0DC060812C9B8CAA00C75F50 /* Release */,
			);
			defaultConfigurationIsVisible = 0;
			defaultConfigurationName = Release;
		};
		0DC060822C9B8CAA00C75F50 /* Build configuration list for PBXNativeTarget "Nekosia" */ = {
			isa = XCConfigurationList;
			buildConfigurations = (
				0DC060832C9B8CAA00C75F50 /* Debug */,
				0DC060842C9B8CAA00C75F50 /* Release */,
			);
			defaultConfigurationIsVisible = 0;
			defaultConfigurationName = Release;
		};
/* End XCConfigurationList section */

/* Begin XCRemoteSwiftPackageReference section */
		0D1E41112D1EFFD80051EC3A /* XCRemoteSwiftPackageReference "ArchitectLibrary" */ = {
			isa = XCRemoteSwiftPackageReference;
			repositoryURL = "https://github.com/jezreelbarbosa/ArchitectLibrary.git";
			requirement = {
				kind = upToNextMajorVersion;
				minimumVersion = 0.1.4;
			};
		};
		0DBE13B12CF61F4D00CF58F5 /* XCRemoteSwiftPackageReference "NekosiaAPI" */ = {
			isa = XCRemoteSwiftPackageReference;
			repositoryURL = "https://github.com/jezreelbarbosa/NekosiaAPI";
			requirement = {
				kind = upToNextMajorVersion;
				minimumVersion = 0.1.4;
			};
		};
		0DC060852C9BA21B00C75F50 /* XCRemoteSwiftPackageReference "Stevia" */ = {
			isa = XCRemoteSwiftPackageReference;
			repositoryURL = "https://github.com/freshOS/Stevia";
			requirement = {
				kind = upToNextMajorVersion;
				minimumVersion = 5.0.0;
			};
		};
/* End XCRemoteSwiftPackageReference section */

/* Begin XCSwiftPackageProductDependency section */
		0D1E41122D1EFFD80051EC3A /* ArchitectLibrary */ = {
			isa = XCSwiftPackageProductDependency;
			package = 0D1E41112D1EFFD80051EC3A /* XCRemoteSwiftPackageReference "ArchitectLibrary" */;
			productName = ArchitectLibrary;
		};
		0DBE13B22CF61F4D00CF58F5 /* NekosiaAPI */ = {
			isa = XCSwiftPackageProductDependency;
			package = 0DBE13B12CF61F4D00CF58F5 /* XCRemoteSwiftPackageReference "NekosiaAPI" */;
			productName = NekosiaAPI;
		};
		0DC060862C9BA21B00C75F50 /* Stevia */ = {
			isa = XCSwiftPackageProductDependency;
			package = 0DC060852C9BA21B00C75F50 /* XCRemoteSwiftPackageReference "Stevia" */;
			productName = Stevia;
		};
/* End XCSwiftPackageProductDependency section */
	};
	rootObject = 0DC060662C9B8C9200C75F50 /* Project object */;
}
